
Microsoft Visual Studio Solution File, Format Version 12.00
# Visual Studio Version 17
VisualStudioVersion = 17.14.36301.6 d17.14
MinimumVisualStudioVersion = 10.0.40219.1
Project("{FAE04EC0-301F-11D3-BF4B-00C04F79EFBC}") = "BuildingStatePredictionApp", "WindowsFormsApp1\BuildingStatePredictionApp.csproj", "{0B9DF557-073E-46AF-B775-D0BB12FB2038}"
EndProject
Project("{FAE04EC0-301F-11D3-BF4B-00C04F79EFBC}") = "BuildingStatePredictionAppTests", "BuildingStatePredictionAppTests\BuildingStatePredictionAppTests.csproj", "{ACEC9266-7A56-4916-9916-938361F1E28A}"
EndProject
Global
	GlobalSection(SolutionConfigurationPlatforms) = preSolution
		Debug|Any CPU = Debug|Any CPU
		Release|Any CPU = Release|Any CPU
	EndGlobalSection
	GlobalSection(ProjectConfigurationPlatforms) = postSolution
		{0B9DF557-073E-46AF-B775-D0BB12FB2038}.Debug|Any CPU.ActiveCfg = Debug|Any CPU
		{0B9DF557-073E-46AF-B775-D0BB12FB2038}.Debug|Any CPU.Build.0 = Debug|Any CPU
		{0B9DF557-073E-46AF-B775-D0BB12FB2038}.Release|Any CPU.ActiveCfg = Release|Any CPU
		{0B9DF557-073E-46AF-B775-D0BB12FB2038}.Release|Any CPU.Build.0 = Release|Any CPU
		{ACEC9266-7A56-4916-9916-938361F1E28A}.Debug|Any CPU.ActiveCfg = Debug|Any CPU
		{ACEC9266-7A56-4916-9916-938361F1E28A}.Debug|Any CPU.Build.0 = Debug|Any CPU
		{ACEC9266-7A56-4916-9916-938361F1E28A}.Release|Any CPU.ActiveCfg = Release|Any CPU
		{ACEC9266-7A56-4916-9916-938361F1E28A}.Release|Any CPU.Build.0 = Release|Any CPU
	EndGlobalSection
	GlobalSection(SolutionProperties) = preSolution
		HideSolutionNode = FALSE
	EndGlobalSection
	GlobalSection(ExtensibilityGlobals) = postSolution
		SolutionGuid = {25371279-82AF-4442-8EA4-D64365C2CEDB}
	EndGlobalSection
EndGlobal
